
Microsoft Visual Studio Solution File, Format Version 12.00
# Visual Studio 15
VisualStudioVersion = 15.0.26228.4
MinimumVisualStudioVersion = 10.0.40219.1
Project("{FAE04EC0-301F-11D3-BF4B-00C04F79EFBC}") = "Graded Unit Launcher", "Graded Unit Launcher\Graded Unit Launcher.csproj", "{9EF39B18-4EA8-4CC9-B81D-A5DDF8D1A457}"
EndProject
Project("{FAE04EC0-301F-11D3-BF4B-00C04F79EFBC}") = "Checkers", "Checkers\Checkers.csproj", "{CC63CF66-A8FE-4CB1-9419-F1D7BFBB62AA}"
EndProject
Global
	GlobalSection(SolutionConfigurationPlatforms) = preSolution
		Debug|Any CPU = Debug|Any CPU
		Launch|Any CPU = Launch|Any CPU
		Release|Any CPU = Release|Any CPU
	EndGlobalSection
	GlobalSection(ProjectConfigurationPlatforms) = postSolution
		{9EF39B18-4EA8-4CC9-B81D-A5DDF8D1A457}.Debug|Any CPU.ActiveCfg = Debug|Any CPU
		{9EF39B18-4EA8-4CC9-B81D-A5DDF8D1A457}.Debug|Any CPU.Build.0 = Debug|Any CPU
		{9EF39B18-4EA8-4CC9-B81D-A5DDF8D1A457}.Launch|Any CPU.ActiveCfg = Launch|Any CPU
		{9EF39B18-4EA8-4CC9-B81D-A5DDF8D1A457}.Launch|Any CPU.Build.0 = Launch|Any CPU
		{9EF39B18-4EA8-4CC9-B81D-A5DDF8D1A457}.Release|Any CPU.ActiveCfg = Release|Any CPU
		{9EF39B18-4EA8-4CC9-B81D-A5DDF8D1A457}.Release|Any CPU.Build.0 = Release|Any CPU
		{CC63CF66-A8FE-4CB1-9419-F1D7BFBB62AA}.Debug|Any CPU.ActiveCfg = Debug|Any CPU
		{CC63CF66-A8FE-4CB1-9419-F1D7BFBB62AA}.Debug|Any CPU.Build.0 = Debug|Any CPU
		{CC63CF66-A8FE-4CB1-9419-F1D7BFBB62AA}.Launch|Any CPU.ActiveCfg = Launch|Any CPU
		{CC63CF66-A8FE-4CB1-9419-F1D7BFBB62AA}.Launch|Any CPU.Build.0 = Launch|Any CPU
		{CC63CF66-A8FE-4CB1-9419-F1D7BFBB62AA}.Release|Any CPU.ActiveCfg = Release|Any CPU
		{CC63CF66-A8FE-4CB1-9419-F1D7BFBB62AA}.Release|Any CPU.Build.0 = Release|Any CPU
	EndGlobalSection
	GlobalSection(SolutionProperties) = preSolution
		HideSolutionNode = FALSE
	EndGlobalSection
EndGlobal
